
Microsoft Visual Studio Solution File, Format Version 12.00
Project("{FAE04EC0-301F-11D3-BF4B-00C04F79EFBC}") = "PreExamen", "PreExamen.csproj", "{337BCF52-C7AF-4223-8547-4BFAA3A302EA}"
EndProject
Global
	GlobalSection(SolutionConfigurationPlatforms) = preSolution
		Debug|Any CPU = Debug|Any CPU
		Release|Any CPU = Release|Any CPU
	EndGlobalSection
	GlobalSection(ProjectConfigurationPlatforms) = postSolution
		{337BCF52-C7AF-4223-8547-4BFAA3A302EA}.Debug|Any CPU.ActiveCfg = Debug|Any CPU
		{337BCF52-C7AF-4223-8547-4BFAA3A302EA}.Debug|Any CPU.Build.0 = Debug|Any CPU
		{337BCF52-C7AF-4223-8547-4BFAA3A302EA}.Release|Any CPU.ActiveCfg = Release|Any CPU
		{337BCF52-C7AF-4223-8547-4BFAA3A302EA}.Release|Any CPU.Build.0 = Release|Any CPU
	EndGlobalSection
EndGlobal
